{
    "requires": true,
    "lockfileVersion": 1,
    "dependencies": {
        "@babel/runtime": {
            "version": "7.26.0",
            "resolved": "https://registry.npmjs.org/@babel/runtime/-/runtime-7.26.0.tgz",
            "integrity": "sha512-FDSOghenHTiToteC/QRlv2q3DhPZ/oOXTBoirfWNx1Cx3TMVcGWQtMMmQcSvb/JjpNeGzx8Pq/b4fKEJuWm1sw==",
            "requires": {
                "regenerator-runtime": "^0.14.0"
            }
        },
        "babel-runtime": {
            "version": "6.26.0",
            "resolved": "https://registry.npmjs.org/babel-runtime/-/babel-runtime-6.26.0.tgz",
            "integrity": "sha512-ITKNuq2wKlW1fJg9sSW52eepoYgZBggvOAHC0u/CYu/qxQ9EVzThCgR69BnSXLHjy2f7SY5zaQ4yt7H9ZVxY2g==",
            "requires": {
                "core-js": "^2.4.0",
                "regenerator-runtime": "^0.11.0"
            },
            "dependencies": {
                "regenerator-runtime": {
                    "version": "0.11.1",
                    "resolved": "https://registry.npmjs.org/regenerator-runtime/-/regenerator-runtime-0.11.1.tgz",
                    "integrity": "sha512-MguG95oij0fC3QV3URf4V2SDYGJhJnJGqvIIgdECeODCT98wSWDAJ94SSuVpYQUoTcGUIL6L4yNB7j1DFFHSBg=="
                }
            }
        },
        "core-js": {
            "version": "2.6.12",
            "resolved": "https://registry.npmjs.org/core-js/-/core-js-2.6.12.tgz",
            "integrity": "sha512-Kb2wC0fvsWfQrgk8HU5lW6U/Lcs8+9aaYcy4ZFc6DDlo4nZ7n70dEgE5rtR0oG6ufKDUnrwfWL1mXR5ljDatrQ=="
        },
        "injectpromise": {
            "version": "1.0.0",
            "resolved": "https://registry.npmjs.org/injectpromise/-/injectpromise-1.0.0.tgz",
            "integrity": "sha512-qNq5wy4qX4uWHcVFOEU+RqZkoVG65FhvGkyDWbuBxILMjK6A1LFf5A1mgXZkD4nRx5FCorD81X/XvPKp/zVfPA=="
        },
        "regenerator-runtime": {
            "version": "0.14.1",
            "resolved": "https://registry.npmjs.org/regenerator-runtime/-/regenerator-runtime-0.14.1.tgz",
            "integrity": "sha512-dYnhHh0nJoMfnkZs6GmmhFknAGRrLznOu5nc9ML+EJxGvrx6H7teuevqVqCuPcPK//3eDrrjQhehXVx9cnkGdw=="
        },
        "sunweb": {
            "version": "1.1.0",
            "resolved": "https://registry.npmjs.org/sunweb/-/sunweb-1.1.0.tgz",
            "integrity": "sha512-RoQHMAE3EMM04/y9XHDOhmnf4prhes2yYsRMi5mYANSHohpPvLl+v5I7xD0M5f5W6dMz2eSY7b0NsIyfH/1V/g==",
            "requires": {
                "@babel/runtime": "^7.4.5",
                "babel-runtime": "^6.26.0",
                "injectpromise": "^1.0.0"
            }
        }
    }
}
